# Generated by buf. DO NOT EDIT.
version: v2
deps:
  - name: buf.build/orm/orm
    commit: 79431bd2c556404da807fbee9d5450ac
    digest: b5:bc16376b5273f7c4b4fa570ea759cde8824b96c92b60dee2012878c14910179477dbdcb2d64ef418c8c0dd8323bf8fb6f65bb27ce35de5044624fe12a36ba65a
  - name: buf.build/patch/patch
    commit: 1ff59ac3af634b2b9b73cc7ac1f9a3bd
    digest: b5:db6b10aecb55283c840f3018b0aa6d601dc160c29db836109cbca622e4bcd4771b04b805f858c949dfac9d0c0c6056da83934678430c8f7d6059db33202b8650
